
Microsoft Visual Studio Solution File, Format Version 12.00
# Visual Studio Version 16
VisualStudioVersion = 16.0.29411.108
MinimumVisualStudioVersion = 10.0.40219.1
Project("{2150E333-8FDC-42A3-9474-1A3956D46DE8}") = "Docs", "Docs", "{9E5C5BDA-D57D-4478-B268-EC8382CF5823}"
EndProject
Project("{2150E333-8FDC-42A3-9474-1A3956D46DE8}") = "Tests", "Tests", "{6C28A9DD-003A-476B-BF4C-25F14D29FB56}"
EndProject
Project("{2150E333-8FDC-42A3-9474-1A3956D46DE8}") = "Src", "Src", "{2DDF8495-13FA-4B2B-829A-4E6844B2791C}"
EndProject
Project("{2150E333-8FDC-42A3-9474-1A3956D46DE8}") = "Core", "Core", "{AE4E4C54-3495-486B-84A7-0C0CBEE45C58}"
EndProject
Project("{2150E333-8FDC-42A3-9474-1A3956D46DE8}") = "Infrastructure", "Infrastructure", "{B98425A9-E82B-46A3-8D65-938457A05A35}"
EndProject
Project("{2150E333-8FDC-42A3-9474-1A3956D46DE8}") = "Presentation", "Presentation", "{3FBA4811-FB2A-42DA-B48E-BCA9CE0B4327}"
EndProject
Project("{9A19103F-16F7-4668-BE54-9A1E7A4F7556}") = "Application", "Src\Application\Application.csproj", "{2E839A5E-62D6-4F0C-94BE-67262B52018E}"
EndProject
Project("{9A19103F-16F7-4668-BE54-9A1E7A4F7556}") = "Domain", "Src\Domain\Domain.csproj", "{E553350E-A5D0-4AF3-B349-C6F0A1B91F4E}"
EndProject
Project("{9A19103F-16F7-4668-BE54-9A1E7A4F7556}") = "Persistence", "Src\Persistence\Persistence.csproj", "{5CC5E428-C85C-4852-B25D-E80983E14881}"
EndProject
Project("{FAE04EC0-301F-11D3-BF4B-00C04F79EFBC}") = "Api", "Src\Api\Api.csproj", "{7EC719BA-6D59-478A-BF9F-BC168C5A972E}"
EndProject
Global
	GlobalSection(SolutionConfigurationPlatforms) = preSolution
		Debug|Any CPU = Debug|Any CPU
		Release|Any CPU = Release|Any CPU
	EndGlobalSection
	GlobalSection(ProjectConfigurationPlatforms) = postSolution
		{2E839A5E-62D6-4F0C-94BE-67262B52018E}.Debug|Any CPU.ActiveCfg = Debug|Any CPU
		{2E839A5E-62D6-4F0C-94BE-67262B52018E}.Debug|Any CPU.Build.0 = Debug|Any CPU
		{2E839A5E-62D6-4F0C-94BE-67262B52018E}.Release|Any CPU.ActiveCfg = Release|Any CPU
		{2E839A5E-62D6-4F0C-94BE-67262B52018E}.Release|Any CPU.Build.0 = Release|Any CPU
		{E553350E-A5D0-4AF3-B349-C6F0A1B91F4E}.Debug|Any CPU.ActiveCfg = Debug|Any CPU
		{E553350E-A5D0-4AF3-B349-C6F0A1B91F4E}.Debug|Any CPU.Build.0 = Debug|Any CPU
		{E553350E-A5D0-4AF3-B349-C6F0A1B91F4E}.Release|Any CPU.ActiveCfg = Release|Any CPU
		{E553350E-A5D0-4AF3-B349-C6F0A1B91F4E}.Release|Any CPU.Build.0 = Release|Any CPU
		{5CC5E428-C85C-4852-B25D-E80983E14881}.Debug|Any CPU.ActiveCfg = Debug|Any CPU
		{5CC5E428-C85C-4852-B25D-E80983E14881}.Debug|Any CPU.Build.0 = Debug|Any CPU
		{5CC5E428-C85C-4852-B25D-E80983E14881}.Release|Any CPU.ActiveCfg = Release|Any CPU
		{5CC5E428-C85C-4852-B25D-E80983E14881}.Release|Any CPU.Build.0 = Release|Any CPU
		{7EC719BA-6D59-478A-BF9F-BC168C5A972E}.Debug|Any CPU.ActiveCfg = Debug|Any CPU
		{7EC719BA-6D59-478A-BF9F-BC168C5A972E}.Debug|Any CPU.Build.0 = Debug|Any CPU
		{7EC719BA-6D59-478A-BF9F-BC168C5A972E}.Release|Any CPU.ActiveCfg = Release|Any CPU
		{7EC719BA-6D59-478A-BF9F-BC168C5A972E}.Release|Any CPU.Build.0 = Release|Any CPU
	EndGlobalSection
	GlobalSection(SolutionProperties) = preSolution
		HideSolutionNode = FALSE
	EndGlobalSection
	GlobalSection(NestedProjects) = preSolution
		{AE4E4C54-3495-486B-84A7-0C0CBEE45C58} = {2DDF8495-13FA-4B2B-829A-4E6844B2791C}
		{B98425A9-E82B-46A3-8D65-938457A05A35} = {2DDF8495-13FA-4B2B-829A-4E6844B2791C}
		{3FBA4811-FB2A-42DA-B48E-BCA9CE0B4327} = {2DDF8495-13FA-4B2B-829A-4E6844B2791C}
		{2E839A5E-62D6-4F0C-94BE-67262B52018E} = {AE4E4C54-3495-486B-84A7-0C0CBEE45C58}
		{E553350E-A5D0-4AF3-B349-C6F0A1B91F4E} = {AE4E4C54-3495-486B-84A7-0C0CBEE45C58}
		{5CC5E428-C85C-4852-B25D-E80983E14881} = {B98425A9-E82B-46A3-8D65-938457A05A35}
		{7EC719BA-6D59-478A-BF9F-BC168C5A972E} = {3FBA4811-FB2A-42DA-B48E-BCA9CE0B4327}
	EndGlobalSection
	GlobalSection(ExtensibilityGlobals) = postSolution
		SolutionGuid = {7A98BD7E-6ADD-4463-B0A5-EABA11BD6099}
	EndGlobalSection
EndGlobal
